// !$*UTF8*$!
{
	archiveVersion = 1;
	classes = {
	};
	objectVersion = 46;
	objects = {

/* Begin PBXBuildFile section */
		C210363515DEAE0200D92D56 /* UIKit.framework in Frameworks */ = {isa = PBXBuildFile; fileRef = C210363415DEAE0200D92D56 /* UIKit.framework */; };
		C210363715DEAE0200D92D56 /* Foundation.framework in Frameworks */ = {isa = PBXBuildFile; fileRef = C210363615DEAE0200D92D56 /* Foundation.framework */; };
		C210363915DEAE0200D92D56 /* CoreGraphics.framework in Frameworks */ = {isa = PBXBuildFile; fileRef = C210363815DEAE0200D92D56 /* CoreGraphics.framework */; };
		C210363F15DEAE0200D92D56 /* InfoPlist.strings in Resources */ = {isa = PBXBuildFile; fileRef = C210363D15DEAE0200D92D56 /* InfoPlist.strings */; };
		C210364115DEAE0200D92D56 /* main.m in Sources */ = {isa = PBXBuildFile; fileRef = C210364015DEAE0200D92D56 /* main.m */; };
		C210364515DEAE0200D92D56 /* RedHodAppDelegate.m in Sources */ = {isa = PBXBuildFile; fileRef = C210364415DEAE0200D92D56 /* RedHodAppDelegate.m */; };
		C210364815DEAE0200D92D56 /* RedHodViewController.m in Sources */ = {isa = PBXBuildFile; fileRef = C210364715DEAE0200D92D56 /* RedHodViewController.m */; };
		C210364B15DEAE0200D92D56 /* RedHodViewController.xib in Resources */ = {isa = PBXBuildFile; fileRef = C210364915DEAE0200D92D56 /* RedHodViewController.xib */; };
		C210365315DEAE0200D92D56 /* SenTestingKit.framework in Frameworks */ = {isa = PBXBuildFile; fileRef = C210365215DEAE0200D92D56 /* SenTestingKit.framework */; };
		C210365415DEAE0200D92D56 /* UIKit.framework in Frameworks */ = {isa = PBXBuildFile; fileRef = C210363415DEAE0200D92D56 /* UIKit.framework */; };
		C210365515DEAE0200D92D56 /* Foundation.framework in Frameworks */ = {isa = PBXBuildFile; fileRef = C210363615DEAE0200D92D56 /* Foundation.framework */; };
		C210365D15DEAE0200D92D56 /* InfoPlist.strings in Resources */ = {isa = PBXBuildFile; fileRef = C210365B15DEAE0200D92D56 /* InfoPlist.strings */; };
		C210366015DEAE0200D92D56 /* RedHodTests.m in Sources */ = {isa = PBXBuildFile; fileRef = C210365F15DEAE0200D92D56 /* RedHodTests.m */; };
		C210366A15DEAE3F00D92D56 /* AudioToolbox.framework in Frameworks */ = {isa = PBXBuildFile; fileRef = C210366915DEAE3F00D92D56 /* AudioToolbox.framework */; };
		C210367415DEB27300D92D56 /* AVFoundation.framework in Frameworks */ = {isa = PBXBuildFile; fileRef = C210367315DEB27300D92D56 /* AVFoundation.framework */; };
		C28AAF0E15E2BF16002759EA /* selected-mark.png in Resources */ = {isa = PBXBuildFile; fileRef = C28AAF0D15E2BF16002759EA /* selected-mark.png */; };
		C2ADF05C15E28E7C00D905EA /* background.jpg in Resources */ = {isa = PBXBuildFile; fileRef = C2ADF05B15E28E7C00D905EA /* background.jpg */; };
		C2C9A5F615E2A07C003A0AD5 /* bg_narracao.jpg in Resources */ = {isa = PBXBuildFile; fileRef = C2C9A5EC15E2A07C003A0AD5 /* bg_narracao.jpg */; };
		C2C9A5F715E2A07C003A0AD5 /* capitulo1.png in Resources */ = {isa = PBXBuildFile; fileRef = C2C9A5ED15E2A07C003A0AD5 /* capitulo1.png */; };
		C2C9A5F815E2A07C003A0AD5 /* capitulo2.png in Resources */ = {isa = PBXBuildFile; fileRef = C2C9A5EE15E2A07C003A0AD5 /* capitulo2.png */; };
		C2C9A5F915E2A07C003A0AD5 /* capitulo3.png in Resources */ = {isa = PBXBuildFile; fileRef = C2C9A5EF15E2A07C003A0AD5 /* capitulo3.png */; };
		C2C9A5FA15E2A07C003A0AD5 /* capitulo4.png in Resources */ = {isa = PBXBuildFile; fileRef = C2C9A5F015E2A07C003A0AD5 /* capitulo4.png */; };
		C2C9A5FB15E2A07C003A0AD5 /* capitulo5.png in Resources */ = {isa = PBXBuildFile; fileRef = C2C9A5F115E2A07C003A0AD5 /* capitulo5.png */; };
		C2C9A5FC15E2A07C003A0AD5 /* capitulo6.png in Resources */ = {isa = PBXBuildFile; fileRef = C2C9A5F215E2A07C003A0AD5 /* capitulo6.png */; };
		C2C9A5FD15E2A07C003A0AD5 /* capitulo7.png in Resources */ = {isa = PBXBuildFile; fileRef = C2C9A5F315E2A07C003A0AD5 /* capitulo7.png */; };
		C2C9A5FE15E2A07C003A0AD5 /* capitulo8.png in Resources */ = {isa = PBXBuildFile; fileRef = C2C9A5F415E2A07C003A0AD5 /* capitulo8.png */; };
		C2C9A5FF15E2A07C003A0AD5 /* capitulo9.png in Resources */ = {isa = PBXBuildFile; fileRef = C2C9A5F515E2A07C003A0AD5 /* capitulo9.png */; };
		C2F9D17F15E4215C00738666 /* rec.png in Resources */ = {isa = PBXBuildFile; fileRef = C2F9D17E15E4215C00738666 /* rec.png */; };
		C2F9D18315E423D100738666 /* play.png in Resources */ = {isa = PBXBuildFile; fileRef = C2F9D18115E423D100738666 /* play.png */; };
		C2F9D18415E423D100738666 /* stop.png in Resources */ = {isa = PBXBuildFile; fileRef = C2F9D18215E423D100738666 /* stop.png */; };
		C2F9D18A15E4336C00738666 /* chap01text.png in Resources */ = {isa = PBXBuildFile; fileRef = C2F9D18915E4336C00738666 /* chap01text.png */; };
		C2F9D19715E43E8700738666 /* chap02text.png in Resources */ = {isa = PBXBuildFile; fileRef = C2F9D18F15E43E8700738666 /* chap02text.png */; };
		C2F9D19815E43E8700738666 /* chap03text.png in Resources */ = {isa = PBXBuildFile; fileRef = C2F9D19015E43E8700738666 /* chap03text.png */; };
		C2F9D19915E43E8700738666 /* chap04text.png in Resources */ = {isa = PBXBuildFile; fileRef = C2F9D19115E43E8700738666 /* chap04text.png */; };
		C2F9D19A15E43E8700738666 /* chap05text.png in Resources */ = {isa = PBXBuildFile; fileRef = C2F9D19215E43E8700738666 /* chap05text.png */; };
		C2F9D19B15E43E8700738666 /* chap06text.png in Resources */ = {isa = PBXBuildFile; fileRef = C2F9D19315E43E8700738666 /* chap06text.png */; };
		C2F9D19C15E43E8700738666 /* chap07text.png in Resources */ = {isa = PBXBuildFile; fileRef = C2F9D19415E43E8700738666 /* chap07text.png */; };
		C2F9D19D15E43E8700738666 /* chap08text.png in Resources */ = {isa = PBXBuildFile; fileRef = C2F9D19515E43E8700738666 /* chap08text.png */; };
		C2F9D19E15E43E8700738666 /* chap09text.png in Resources */ = {isa = PBXBuildFile; fileRef = C2F9D19615E43E8700738666 /* chap09text.png */; };
/* End PBXBuildFile section */

/* Begin PBXContainerItemProxy section */
		C210365615DEAE0200D92D56 /* PBXContainerItemProxy */ = {
			isa = PBXContainerItemProxy;
			containerPortal = C210362715DEAE0100D92D56 /* Project object */;
			proxyType = 1;
			remoteGlobalIDString = C210362F15DEAE0200D92D56;
			remoteInfo = RedHod;
		};
/* End PBXContainerItemProxy section */

/* Begin PBXFileReference section */
		C210363015DEAE0200D92D56 /* RedHod.app */ = {isa = PBXFileReference; explicitFileType = wrapper.application; includeInIndex = 0; path = RedHod.app; sourceTree = BUILT_PRODUCTS_DIR; };
		C210363415DEAE0200D92D56 /* UIKit.framework */ = {isa = PBXFileReference; lastKnownFileType = wrapper.framework; name = UIKit.framework; path = System/Library/Frameworks/UIKit.framework; sourceTree = SDKROOT; };
		C210363615DEAE0200D92D56 /* Foundation.framework */ = {isa = PBXFileReference; lastKnownFileType = wrapper.framework; name = Foundation.framework; path = System/Library/Frameworks/Foundation.framework; sourceTree = SDKROOT; };
		C210363815DEAE0200D92D56 /* CoreGraphics.framework */ = {isa = PBXFileReference; lastKnownFileType = wrapper.framework; name = CoreGraphics.framework; path = System/Library/Frameworks/CoreGraphics.framework; sourceTree = SDKROOT; };
		C210363C15DEAE0200D92D56 /* RedHod-Info.plist */ = {isa = PBXFileReference; lastKnownFileType = text.plist.xml; path = "RedHod-Info.plist"; sourceTree = "<group>"; };
		C210363E15DEAE0200D92D56 /* en */ = {isa = PBXFileReference; lastKnownFileType = text.plist.strings; name = en; path = en.lproj/InfoPlist.strings; sourceTree = "<group>"; };
		C210364015DEAE0200D92D56 /* main.m */ = {isa = PBXFileReference; lastKnownFileType = sourcecode.c.objc; path = main.m; sourceTree = "<group>"; };
		C210364215DEAE0200D92D56 /* RedHod-Prefix.pch */ = {isa = PBXFileReference; lastKnownFileType = sourcecode.c.h; path = "RedHod-Prefix.pch"; sourceTree = "<group>"; };
		C210364315DEAE0200D92D56 /* RedHodAppDelegate.h */ = {isa = PBXFileReference; lastKnownFileType = sourcecode.c.h; path = RedHodAppDelegate.h; sourceTree = "<group>"; };
		C210364415DEAE0200D92D56 /* RedHodAppDelegate.m */ = {isa = PBXFileReference; lastKnownFileType = sourcecode.c.objc; path = RedHodAppDelegate.m; sourceTree = "<group>"; };
		C210364615DEAE0200D92D56 /* RedHodViewController.h */ = {isa = PBXFileReference; lastKnownFileType = sourcecode.c.h; path = RedHodViewController.h; sourceTree = "<group>"; };
		C210364715DEAE0200D92D56 /* RedHodViewController.m */ = {isa = PBXFileReference; lastKnownFileType = sourcecode.c.objc; path = RedHodViewController.m; sourceTree = "<group>"; };
		C210364A15DEAE0200D92D56 /* en */ = {isa = PBXFileReference; lastKnownFileType = file.xib; name = en; path = en.lproj/RedHodViewController.xib; sourceTree = "<group>"; };
		C210365115DEAE0200D92D56 /* RedHodTests.octest */ = {isa = PBXFileReference; explicitFileType = wrapper.cfbundle; includeInIndex = 0; path = RedHodTests.octest; sourceTree = BUILT_PRODUCTS_DIR; };
		C210365215DEAE0200D92D56 /* SenTestingKit.framework */ = {isa = PBXFileReference; lastKnownFileType = wrapper.framework; name = SenTestingKit.framework; path = Library/Frameworks/SenTestingKit.framework; sourceTree = DEVELOPER_DIR; };
		C210365A15DEAE0200D92D56 /* RedHodTests-Info.plist */ = {isa = PBXFileReference; lastKnownFileType = text.plist.xml; path = "RedHodTests-Info.plist"; sourceTree = "<group>"; };
		C210365C15DEAE0200D92D56 /* en */ = {isa = PBXFileReference; lastKnownFileType = text.plist.strings; name = en; path = en.lproj/InfoPlist.strings; sourceTree = "<group>"; };
		C210365E15DEAE0200D92D56 /* RedHodTests.h */ = {isa = PBXFileReference; lastKnownFileType = sourcecode.c.h; path = RedHodTests.h; sourceTree = "<group>"; };
		C210365F15DEAE0200D92D56 /* RedHodTests.m */ = {isa = PBXFileReference; lastKnownFileType = sourcecode.c.objc; path = RedHodTests.m; sourceTree = "<group>"; };
		C210366915DEAE3F00D92D56 /* AudioToolbox.framework */ = {isa = PBXFileReference; lastKnownFileType = wrapper.framework; name = AudioToolbox.framework; path = System/Library/Frameworks/AudioToolbox.framework; sourceTree = SDKROOT; };
		C210367315DEB27300D92D56 /* AVFoundation.framework */ = {isa = PBXFileReference; lastKnownFileType = wrapper.framework; name = AVFoundation.framework; path = System/Library/Frameworks/AVFoundation.framework; sourceTree = SDKROOT; };
		C28AAF0D15E2BF16002759EA /* selected-mark.png */ = {isa = PBXFileReference; lastKnownFileType = image.png; name = "selected-mark.png"; path = "Resources/menu_narracao/selected-mark.png"; sourceTree = "<group>"; };
		C2ADF05B15E28E7C00D905EA /* background.jpg */ = {isa = PBXFileReference; lastKnownFileType = image.jpeg; name = background.jpg; path = Resources/background.jpg; sourceTree = "<group>"; };
		C2C9A5EC15E2A07C003A0AD5 /* bg_narracao.jpg */ = {isa = PBXFileReference; lastKnownFileType = image.jpeg; name = bg_narracao.jpg; path = Resources/menu_narracao/bg_narracao.jpg; sourceTree = "<group>"; };
		C2C9A5ED15E2A07C003A0AD5 /* capitulo1.png */ = {isa = PBXFileReference; lastKnownFileType = image.png; name = capitulo1.png; path = Resources/menu_narracao/capitulo1.png; sourceTree = "<group>"; };
		C2C9A5EE15E2A07C003A0AD5 /* capitulo2.png */ = {isa = PBXFileReference; lastKnownFileType = image.png; name = capitulo2.png; path = Resources/menu_narracao/capitulo2.png; sourceTree = "<group>"; };
		C2C9A5EF15E2A07C003A0AD5 /* capitulo3.png */ = {isa = PBXFileReference; lastKnownFileType = image.png; name = capitulo3.png; path = Resources/menu_narracao/capitulo3.png; sourceTree = "<group>"; };
		C2C9A5F015E2A07C003A0AD5 /* capitulo4.png */ = {isa = PBXFileReference; lastKnownFileType = image.png; name = capitulo4.png; path = Resources/menu_narracao/capitulo4.png; sourceTree = "<group>"; };
		C2C9A5F115E2A07C003A0AD5 /* capitulo5.png */ = {isa = PBXFileReference; lastKnownFileType = image.png; name = capitulo5.png; path = Resources/menu_narracao/capitulo5.png; sourceTree = "<group>"; };
		C2C9A5F215E2A07C003A0AD5 /* capitulo6.png */ = {isa = PBXFileReference; lastKnownFileType = image.png; name = capitulo6.png; path = Resources/menu_narracao/capitulo6.png; sourceTree = "<group>"; };
		C2C9A5F315E2A07C003A0AD5 /* capitulo7.png */ = {isa = PBXFileReference; lastKnownFileType = image.png; name = capitulo7.png; path = Resources/menu_narracao/capitulo7.png; sourceTree = "<group>"; };
		C2C9A5F415E2A07C003A0AD5 /* capitulo8.png */ = {isa = PBXFileReference; lastKnownFileType = image.png; name = capitulo8.png; path = Resources/menu_narracao/capitulo8.png; sourceTree = "<group>"; };
		C2C9A5F515E2A07C003A0AD5 /* capitulo9.png */ = {isa = PBXFileReference; lastKnownFileType = image.png; name = capitulo9.png; path = Resources/menu_narracao/capitulo9.png; sourceTree = "<group>"; };
		C2F9D17E15E4215C00738666 /* rec.png */ = {isa = PBXFileReference; lastKnownFileType = image.png; name = rec.png; path = Resources/menu_narracao/rec.png; sourceTree = "<group>"; };
		C2F9D18115E423D100738666 /* play.png */ = {isa = PBXFileReference; lastKnownFileType = image.png; name = play.png; path = Resources/menu_narracao/play.png; sourceTree = "<group>"; };
		C2F9D18215E423D100738666 /* stop.png */ = {isa = PBXFileReference; lastKnownFileType = image.png; name = stop.png; path = Resources/menu_narracao/stop.png; sourceTree = "<group>"; };
		C2F9D18915E4336C00738666 /* chap01text.png */ = {isa = PBXFileReference; lastKnownFileType = image.png; name = chap01text.png; path = Resources/menu_narracao/chap01text.png; sourceTree = "<group>"; };
		C2F9D18F15E43E8700738666 /* chap02text.png */ = {isa = PBXFileReference; lastKnownFileType = image.png; name = chap02text.png; path = Resources/menu_narracao/chap02text.png; sourceTree = "<group>"; };
		C2F9D19015E43E8700738666 /* chap03text.png */ = {isa = PBXFileReference; lastKnownFileType = image.png; name = chap03text.png; path = Resources/menu_narracao/chap03text.png; sourceTree = "<group>"; };
		C2F9D19115E43E8700738666 /* chap04text.png */ = {isa = PBXFileReference; lastKnownFileType = image.png; name = chap04text.png; path = Resources/menu_narracao/chap04text.png; sourceTree = "<group>"; };
		C2F9D19215E43E8700738666 /* chap05text.png */ = {isa = PBXFileReference; lastKnownFileType = image.png; name = chap05text.png; path = Resources/menu_narracao/chap05text.png; sourceTree = "<group>"; };
		C2F9D19315E43E8700738666 /* chap06text.png */ = {isa = PBXFileReference; lastKnownFileType = image.png; name = chap06text.png; path = Resources/menu_narracao/chap06text.png; sourceTree = "<group>"; };
		C2F9D19415E43E8700738666 /* chap07text.png */ = {isa = PBXFileReference; lastKnownFileType = image.png; name = chap07text.png; path = Resources/menu_narracao/chap07text.png; sourceTree = "<group>"; };
		C2F9D19515E43E8700738666 /* chap08text.png */ = {isa = PBXFileReference; lastKnownFileType = image.png; name = chap08text.png; path = Resources/menu_narracao/chap08text.png; sourceTree = "<group>"; };
		C2F9D19615E43E8700738666 /* chap09text.png */ = {isa = PBXFileReference; lastKnownFileType = image.png; name = chap09text.png; path = Resources/menu_narracao/chap09text.png; sourceTree = "<group>"; };
/* End PBXFileReference section */

/* Begin PBXFrameworksBuildPhase section */
		C210362D15DEAE0200D92D56 /* Frameworks */ = {
			isa = PBXFrameworksBuildPhase;
			buildActionMask = 2147483647;
			files = (
				C210367415DEB27300D92D56 /* AVFoundation.framework in Frameworks */,
				C210366A15DEAE3F00D92D56 /* AudioToolbox.framework in Frameworks */,
				C210363515DEAE0200D92D56 /* UIKit.framework in Frameworks */,
				C210363715DEAE0200D92D56 /* Foundation.framework in Frameworks */,
				C210363915DEAE0200D92D56 /* CoreGraphics.framework in Frameworks */,
			);
			runOnlyForDeploymentPostprocessing = 0;
		};
		C210364D15DEAE0200D92D56 /* Frameworks */ = {
			isa = PBXFrameworksBuildPhase;
			buildActionMask = 2147483647;
			files = (
				C210365315DEAE0200D92D56 /* SenTestingKit.framework in Frameworks */,
				C210365415DEAE0200D92D56 /* UIKit.framework in Frameworks */,
				C210365515DEAE0200D92D56 /* Foundation.framework in Frameworks */,
			);
			runOnlyForDeploymentPostprocessing = 0;
		};
/* End PBXFrameworksBuildPhase section */

/* Begin PBXGroup section */
		C210362515DEAE0100D92D56 = {
			isa = PBXGroup;
			children = (
				C2ADF05A15E28E6800D905EA /* Resources */,
				C210367315DEB27300D92D56 /* AVFoundation.framework */,
				C210366915DEAE3F00D92D56 /* AudioToolbox.framework */,
				C210363A15DEAE0200D92D56 /* RedHod */,
				C210365815DEAE0200D92D56 /* RedHodTests */,
				C210363315DEAE0200D92D56 /* Frameworks */,
				C210363115DEAE0200D92D56 /* Products */,
			);
			sourceTree = "<group>";
		};
		C210363115DEAE0200D92D56 /* Products */ = {
			isa = PBXGroup;
			children = (
				C210363015DEAE0200D92D56 /* RedHod.app */,
				C210365115DEAE0200D92D56 /* RedHodTests.octest */,
			);
			name = Products;
			sourceTree = "<group>";
		};
		C210363315DEAE0200D92D56 /* Frameworks */ = {
			isa = PBXGroup;
			children = (
				C210363415DEAE0200D92D56 /* UIKit.framework */,
				C210363615DEAE0200D92D56 /* Foundation.framework */,
				C210363815DEAE0200D92D56 /* CoreGraphics.framework */,
				C210365215DEAE0200D92D56 /* SenTestingKit.framework */,
			);
			name = Frameworks;
			sourceTree = "<group>";
		};
		C210363A15DEAE0200D92D56 /* RedHod */ = {
			isa = PBXGroup;
			children = (
				C210364315DEAE0200D92D56 /* RedHodAppDelegate.h */,
				C210364415DEAE0200D92D56 /* RedHodAppDelegate.m */,
				C210364615DEAE0200D92D56 /* RedHodViewController.h */,
				C210364715DEAE0200D92D56 /* RedHodViewController.m */,
				C210364915DEAE0200D92D56 /* RedHodViewController.xib */,
				C210363B15DEAE0200D92D56 /* Supporting Files */,
			);
			path = RedHod;
			sourceTree = "<group>";
		};
		C210363B15DEAE0200D92D56 /* Supporting Files */ = {
			isa = PBXGroup;
			children = (
				C210363C15DEAE0200D92D56 /* RedHod-Info.plist */,
				C210363D15DEAE0200D92D56 /* InfoPlist.strings */,
				C210364015DEAE0200D92D56 /* main.m */,
				C210364215DEAE0200D92D56 /* RedHod-Prefix.pch */,
			);
			name = "Supporting Files";
			sourceTree = "<group>";
		};
		C210365815DEAE0200D92D56 /* RedHodTests */ = {
			isa = PBXGroup;
			children = (
				C210365E15DEAE0200D92D56 /* RedHodTests.h */,
				C210365F15DEAE0200D92D56 /* RedHodTests.m */,
				C210365915DEAE0200D92D56 /* Supporting Files */,
			);
			path = RedHodTests;
			sourceTree = "<group>";
		};
		C210365915DEAE0200D92D56 /* Supporting Files */ = {
			isa = PBXGroup;
			children = (
				C210365A15DEAE0200D92D56 /* RedHodTests-Info.plist */,
				C210365B15DEAE0200D92D56 /* InfoPlist.strings */,
			);
			name = "Supporting Files";
			sourceTree = "<group>";
		};
		C2ADF05A15E28E6800D905EA /* Resources */ = {
			isa = PBXGroup;
			children = (
				C2C9A5EB15E2A06D003A0AD5 /* menu_narracao */,
				C2ADF05B15E28E7C00D905EA /* background.jpg */,
			);
			name = Resources;
			sourceTree = "<group>";
		};
		C2C9A5EB15E2A06D003A0AD5 /* menu_narracao */ = {
			isa = PBXGroup;
			children = (
				C2F9D18F15E43E8700738666 /* chap02text.png */,
				C2F9D19015E43E8700738666 /* chap03text.png */,
				C2F9D19115E43E8700738666 /* chap04text.png */,
				C2F9D19215E43E8700738666 /* chap05text.png */,
				C2F9D19315E43E8700738666 /* chap06text.png */,
				C2F9D19415E43E8700738666 /* chap07text.png */,
				C2F9D19515E43E8700738666 /* chap08text.png */,
				C2F9D19615E43E8700738666 /* chap09text.png */,
				C2F9D18915E4336C00738666 /* chap01text.png */,
				C2F9D18115E423D100738666 /* play.png */,
				C2F9D18215E423D100738666 /* stop.png */,
				C2F9D17E15E4215C00738666 /* rec.png */,
				C28AAF0D15E2BF16002759EA /* selected-mark.png */,
				C2C9A5EC15E2A07C003A0AD5 /* bg_narracao.jpg */,
				C2C9A5ED15E2A07C003A0AD5 /* capitulo1.png */,
				C2C9A5EE15E2A07C003A0AD5 /* capitulo2.png */,
				C2C9A5EF15E2A07C003A0AD5 /* capitulo3.png */,
				C2C9A5F015E2A07C003A0AD5 /* capitulo4.png */,
				C2C9A5F115E2A07C003A0AD5 /* capitulo5.png */,
				C2C9A5F215E2A07C003A0AD5 /* capitulo6.png */,
				C2C9A5F315E2A07C003A0AD5 /* capitulo7.png */,
				C2C9A5F415E2A07C003A0AD5 /* capitulo8.png */,
				C2C9A5F515E2A07C003A0AD5 /* capitulo9.png */,
			);
			name = menu_narracao;
			sourceTree = "<group>";
		};
/* End PBXGroup section */

/* Begin PBXNativeTarget section */
		C210362F15DEAE0200D92D56 /* RedHod */ = {
			isa = PBXNativeTarget;
			buildConfigurationList = C210366315DEAE0200D92D56 /* Build configuration list for PBXNativeTarget "RedHod" */;
			buildPhases = (
				C210362C15DEAE0200D92D56 /* Sources */,
				C210362D15DEAE0200D92D56 /* Frameworks */,
				C210362E15DEAE0200D92D56 /* Resources */,
			);
			buildRules = (
			);
			dependencies = (
			);
			name = RedHod;
			productName = RedHod;
			productReference = C210363015DEAE0200D92D56 /* RedHod.app */;
			productType = "com.apple.product-type.application";
		};
		C210365015DEAE0200D92D56 /* RedHodTests */ = {
			isa = PBXNativeTarget;
			buildConfigurationList = C210366615DEAE0300D92D56 /* Build configuration list for PBXNativeTarget "RedHodTests" */;
			buildPhases = (
				C210364C15DEAE0200D92D56 /* Sources */,
				C210364D15DEAE0200D92D56 /* Frameworks */,
				C210364E15DEAE0200D92D56 /* Resources */,
				C210364F15DEAE0200D92D56 /* ShellScript */,
			);
			buildRules = (
			);
			dependencies = (
				C210365715DEAE0200D92D56 /* PBXTargetDependency */,
			);
			name = RedHodTests;
			productName = RedHodTests;
			productReference = C210365115DEAE0200D92D56 /* RedHodTests.octest */;
			productType = "com.apple.product-type.bundle";
		};
/* End PBXNativeTarget section */

/* Begin PBXProject section */
		C210362715DEAE0100D92D56 /* Project object */ = {
			isa = PBXProject;
			attributes = {
				LastUpgradeCheck = 0420;
				ORGANIZATIONNAME = LPJ;
			};
			buildConfigurationList = C210362A15DEAE0100D92D56 /* Build configuration list for PBXProject "RedHod" */;
			compatibilityVersion = "Xcode 3.2";
			developmentRegion = English;
			hasScannedForEncodings = 0;
			knownRegions = (
				en,
			);
			mainGroup = C210362515DEAE0100D92D56;
			productRefGroup = C210363115DEAE0200D92D56 /* Products */;
			projectDirPath = "";
			projectRoot = "";
			targets = (
				C210362F15DEAE0200D92D56 /* RedHod */,
				C210365015DEAE0200D92D56 /* RedHodTests */,
			);
		};
/* End PBXProject section */

/* Begin PBXResourcesBuildPhase section */
		C210362E15DEAE0200D92D56 /* Resources */ = {
			isa = PBXResourcesBuildPhase;
			buildActionMask = 2147483647;
			files = (
				C210363F15DEAE0200D92D56 /* InfoPlist.strings in Resources */,
				C210364B15DEAE0200D92D56 /* RedHodViewController.xib in Resources */,
				C2ADF05C15E28E7C00D905EA /* background.jpg in Resources */,
				C2C9A5F615E2A07C003A0AD5 /* bg_narracao.jpg in Resources */,
				C2C9A5F715E2A07C003A0AD5 /* capitulo1.png in Resources */,
				C2C9A5F815E2A07C003A0AD5 /* capitulo2.png in Resources */,
				C2C9A5F915E2A07C003A0AD5 /* capitulo3.png in Resources */,
				C2C9A5FA15E2A07C003A0AD5 /* capitulo4.png in Resources */,
				C2C9A5FB15E2A07C003A0AD5 /* capitulo5.png in Resources */,
				C2C9A5FC15E2A07C003A0AD5 /* capitulo6.png in Resources */,
				C2C9A5FD15E2A07C003A0AD5 /* capitulo7.png in Resources */,
				C2C9A5FE15E2A07C003A0AD5 /* capitulo8.png in Resources */,
				C2C9A5FF15E2A07C003A0AD5 /* capitulo9.png in Resources */,
				C28AAF0E15E2BF16002759EA /* selected-mark.png in Resources */,
				C2F9D17F15E4215C00738666 /* rec.png in Resources */,
				C2F9D18315E423D100738666 /* play.png in Resources */,
				C2F9D18415E423D100738666 /* stop.png in Resources */,
				C2F9D18A15E4336C00738666 /* chap01text.png in Resources */,
				C2F9D19715E43E8700738666 /* chap02text.png in Resources */,
				C2F9D19815E43E8700738666 /* chap03text.png in Resources */,
				C2F9D19915E43E8700738666 /* chap04text.png in Resources */,
				C2F9D19A15E43E8700738666 /* chap05text.png in Resources */,
				C2F9D19B15E43E8700738666 /* chap06text.png in Resources */,
				C2F9D19C15E43E8700738666 /* chap07text.png in Resources */,
				C2F9D19D15E43E8700738666 /* chap08text.png in Resources */,
				C2F9D19E15E43E8700738666 /* chap09text.png in Resources */,
			);
			runOnlyForDeploymentPostprocessing = 0;
		};
		C210364E15DEAE0200D92D56 /* Resources */ = {
			isa = PBXResourcesBuildPhase;
			buildActionMask = 2147483647;
			files = (
				C210365D15DEAE0200D92D56 /* InfoPlist.strings in Resources */,
			);
			runOnlyForDeploymentPostprocessing = 0;
		};
/* End PBXResourcesBuildPhase section */

/* Begin PBXShellScriptBuildPhase section */
		C210364F15DEAE0200D92D56 /* ShellScript */ = {
			isa = PBXShellScriptBuildPhase;
			buildActionMask = 2147483647;
			files = (
			);
			inputPaths = (
			);
			outputPaths = (
			);
			runOnlyForDeploymentPostprocessing = 0;
			shellPath = /bin/sh;
			shellScript = "# Run the unit tests in this test bundle.\n\"${SYSTEM_DEVELOPER_DIR}/Tools/RunUnitTests\"\n";
		};
/* End PBXShellScriptBuildPhase section */

/* Begin PBXSourcesBuildPhase section */
		C210362C15DEAE0200D92D56 /* Sources */ = {
			isa = PBXSourcesBuildPhase;
			buildActionMask = 2147483647;
			files = (
				C210364115DEAE0200D92D56 /* main.m in Sources */,
				C210364515DEAE0200D92D56 /* RedHodAppDelegate.m in Sources */,
				C210364815DEAE0200D92D56 /* RedHodViewController.m in Sources */,
			);
			runOnlyForDeploymentPostprocessing = 0;
		};
		C210364C15DEAE0200D92D56 /* Sources */ = {
			isa = PBXSourcesBuildPhase;
			buildActionMask = 2147483647;
			files = (
				C210366015DEAE0200D92D56 /* RedHodTests.m in Sources */,
			);
			runOnlyForDeploymentPostprocessing = 0;
		};
/* End PBXSourcesBuildPhase section */

/* Begin PBXTargetDependency section */
		C210365715DEAE0200D92D56 /* PBXTargetDependency */ = {
			isa = PBXTargetDependency;
			target = C210362F15DEAE0200D92D56 /* RedHod */;
			targetProxy = C210365615DEAE0200D92D56 /* PBXContainerItemProxy */;
		};
/* End PBXTargetDependency section */

/* Begin PBXVariantGroup section */
		C210363D15DEAE0200D92D56 /* InfoPlist.strings */ = {
			isa = PBXVariantGroup;
			children = (
				C210363E15DEAE0200D92D56 /* en */,
			);
			name = InfoPlist.strings;
			sourceTree = "<group>";
		};
		C210364915DEAE0200D92D56 /* RedHodViewController.xib */ = {
			isa = PBXVariantGroup;
			children = (
				C210364A15DEAE0200D92D56 /* en */,
			);
			name = RedHodViewController.xib;
			sourceTree = "<group>";
		};
		C210365B15DEAE0200D92D56 /* InfoPlist.strings */ = {
			isa = PBXVariantGroup;
			children = (
				C210365C15DEAE0200D92D56 /* en */,
			);
			name = InfoPlist.strings;
			sourceTree = "<group>";
		};
/* End PBXVariantGroup section */

/* Begin XCBuildConfiguration section */
		C210366115DEAE0200D92D56 /* Debug */ = {
			isa = XCBuildConfiguration;
			buildSettings = {
				ALWAYS_SEARCH_USER_PATHS = NO;
				ARCHS = "$(ARCHS_STANDARD_32_BIT)";
				CLANG_ENABLE_OBJC_ARC = YES;
				"CODE_SIGN_IDENTITY[sdk=iphoneos*]" = "iPhone Developer";
				COPY_PHASE_STRIP = NO;
				GCC_C_LANGUAGE_STANDARD = gnu99;
				GCC_DYNAMIC_NO_PIC = NO;
				GCC_OPTIMIZATION_LEVEL = 0;
				GCC_PREPROCESSOR_DEFINITIONS = (
					"DEBUG=1",
					"$(inherited)",
				);
				GCC_SYMBOLS_PRIVATE_EXTERN = NO;
				GCC_VERSION = com.apple.compilers.llvm.clang.1_0;
				GCC_WARN_ABOUT_MISSING_PROTOTYPES = YES;
				GCC_WARN_ABOUT_RETURN_TYPE = YES;
				GCC_WARN_UNUSED_VARIABLE = YES;
				IPHONEOS_DEPLOYMENT_TARGET = 5.0;
				SDKROOT = iphoneos;
			};
			name = Debug;
		};
		C210366215DEAE0200D92D56 /* Release */ = {
			isa = XCBuildConfiguration;
			buildSettings = {
				ALWAYS_SEARCH_USER_PATHS = NO;
				ARCHS = "$(ARCHS_STANDARD_32_BIT)";
				CLANG_ENABLE_OBJC_ARC = YES;
				"CODE_SIGN_IDENTITY[sdk=iphoneos*]" = "iPhone Developer";
				COPY_PHASE_STRIP = YES;
				GCC_C_LANGUAGE_STANDARD = gnu99;
				GCC_VERSION = com.apple.compilers.llvm.clang.1_0;
				GCC_WARN_ABOUT_MISSING_PROTOTYPES = YES;
				GCC_WARN_ABOUT_RETURN_TYPE = YES;
				GCC_WARN_UNUSED_VARIABLE = YES;
				IPHONEOS_DEPLOYMENT_TARGET = 5.0;
				OTHER_CFLAGS = "-DNS_BLOCK_ASSERTIONS=1";
				SDKROOT = iphoneos;
				VALIDATE_PRODUCT = YES;
			};
			name = Release;
		};
		C210366415DEAE0200D92D56 /* Debug */ = {
			isa = XCBuildConfiguration;
			buildSettings = {
				GCC_PRECOMPILE_PREFIX_HEADER = YES;
				GCC_PREFIX_HEADER = "RedHod/RedHod-Prefix.pch";
				INFOPLIST_FILE = "RedHod/RedHod-Info.plist";
				PRODUCT_NAME = "$(TARGET_NAME)";
				WRAPPER_EXTENSION = app;
			};
			name = Debug;
		};
		C210366515DEAE0200D92D56 /* Release */ = {
			isa = XCBuildConfiguration;
			buildSettings = {
				GCC_PRECOMPILE_PREFIX_HEADER = YES;
				GCC_PREFIX_HEADER = "RedHod/RedHod-Prefix.pch";
				INFOPLIST_FILE = "RedHod/RedHod-Info.plist";
				PRODUCT_NAME = "$(TARGET_NAME)";
				WRAPPER_EXTENSION = app;
			};
			name = Release;
		};
		C210366715DEAE0300D92D56 /* Debug */ = {
			isa = XCBuildConfiguration;
			buildSettings = {
				BUNDLE_LOADER = "$(BUILT_PRODUCTS_DIR)/RedHod.app/RedHod";
				FRAMEWORK_SEARCH_PATHS = (
					"$(SDKROOT)/Developer/Library/Frameworks",
					"$(DEVELOPER_LIBRARY_DIR)/Frameworks",
				);
				GCC_PRECOMPILE_PREFIX_HEADER = YES;
				GCC_PREFIX_HEADER = "RedHod/RedHod-Prefix.pch";
				INFOPLIST_FILE = "RedHodTests/RedHodTests-Info.plist";
				PRODUCT_NAME = "$(TARGET_NAME)";
				TEST_HOST = "$(BUNDLE_LOADER)";
				WRAPPER_EXTENSION = octest;
			};
			name = Debug;
		};
		C210366815DEAE0300D92D56 /* Release */ = {
			isa = XCBuildConfiguration;
			buildSettings = {
				BUNDLE_LOADER = "$(BUILT_PRODUCTS_DIR)/RedHod.app/RedHod";
				FRAMEWORK_SEARCH_PATHS = (
					"$(SDKROOT)/Developer/Library/Frameworks",
					"$(DEVELOPER_LIBRARY_DIR)/Frameworks",
				);
				GCC_PRECOMPILE_PREFIX_HEADER = YES;
				GCC_PREFIX_HEADER = "RedHod/RedHod-Prefix.pch";
				INFOPLIST_FILE = "RedHodTests/RedHodTests-Info.plist";
				PRODUCT_NAME = "$(TARGET_NAME)";
				TEST_HOST = "$(BUNDLE_LOADER)";
				WRAPPER_EXTENSION = octest;
			};
			name = Release;
		};
/* End XCBuildConfiguration section */

/* Begin XCConfigurationList section */
		C210362A15DEAE0100D92D56 /* Build configuration list for PBXProject "RedHod" */ = {
			isa = XCConfigurationList;
			buildConfigurations = (
				C210366115DEAE0200D92D56 /* Debug */,
				C210366215DEAE0200D92D56 /* Release */,
			);
			defaultConfigurationIsVisible = 0;
			defaultConfigurationName = Release;
		};
		C210366315DEAE0200D92D56 /* Build configuration list for PBXNativeTarget "RedHod" */ = {
			isa = XCConfigurationList;
			buildConfigurations = (
				C210366415DEAE0200D92D56 /* Debug */,
				C210366515DEAE0200D92D56 /* Release */,
			);
			defaultConfigurationIsVisible = 0;
			defaultConfigurationName = Release;
		};
		C210366615DEAE0300D92D56 /* Build configuration list for PBXNativeTarget "RedHodTests" */ = {
			isa = XCConfigurationList;
			buildConfigurations = (
				C210366715DEAE0300D92D56 /* Debug */,
				C210366815DEAE0300D92D56 /* Release */,
			);
			defaultConfigurationIsVisible = 0;
			defaultConfigurationName = Release;
		};
/* End XCConfigurationList section */
	};
	rootObject = C210362715DEAE0100D92D56 /* Project object */;
}
